Microsoft Visual Studio Solution File, Format Version 11.00
# Visual Studio 2008

Project("{2A8FAB07-4793-EE27-C372-198BDAF9A92D}") = "toaster", "Assembly-CSharp.csproj", "{260C826C-45BE-D09E-6967-16FB0EDEDF9A}"
EndProject
Global
	GlobalSection(SolutionConfigurationPlatforms) = preSolution
		Debug|Any CPU = Debug|Any CPU
		Release|Any CPU = Release|Any CPU
	EndGlobalSection
	GlobalSection(ProjectConfigurationPlatforms) = postSolution
		{260C826C-45BE-D09E-6967-16FB0EDEDF9A}.Debug|Any CPU.ActiveCfg = Debug|Any CPU
		{260C826C-45BE-D09E-6967-16FB0EDEDF9A}.Debug|Any CPU.Build.0 = Debug|Any CPU
		{260C826C-45BE-D09E-6967-16FB0EDEDF9A}.Release|Any CPU.ActiveCfg = Release|Any CPU
		{260C826C-45BE-D09E-6967-16FB0EDEDF9A}.Release|Any CPU.Build.0 = Release|Any CPU
	EndGlobalSection
	GlobalSection(SolutionProperties) = preSolution
		HideSolutionNode = FALSE
	EndGlobalSection
	GlobalSection(MonoDevelopProperties) = preSolution
		StartupItem = Assembly-CSharp.csproj
	EndGlobalSection
EndGlobal
