Microsoft Visual Studio Solution File, Format Version 11.00
# Visual Studio 2008

Project("{372172C9-7C0F-EA4E-4A73-D2186FC3DABB}") = "Toaster", "Assembly-CSharp.csproj", "{1A9BE545-BA25-7242-7794-8CE5D7E51A6D}"
EndProject
Global
	GlobalSection(SolutionConfigurationPlatforms) = preSolution
		Debug|Any CPU = Debug|Any CPU
		Release|Any CPU = Release|Any CPU
	EndGlobalSection
	GlobalSection(ProjectConfigurationPlatforms) = postSolution
		{1A9BE545-BA25-7242-7794-8CE5D7E51A6D}.Debug|Any CPU.ActiveCfg = Debug|Any CPU
		{1A9BE545-BA25-7242-7794-8CE5D7E51A6D}.Debug|Any CPU.Build.0 = Debug|Any CPU
		{1A9BE545-BA25-7242-7794-8CE5D7E51A6D}.Release|Any CPU.ActiveCfg = Release|Any CPU
		{1A9BE545-BA25-7242-7794-8CE5D7E51A6D}.Release|Any CPU.Build.0 = Release|Any CPU
	EndGlobalSection
	GlobalSection(SolutionProperties) = preSolution
		HideSolutionNode = FALSE
	EndGlobalSection
	GlobalSection(MonoDevelopProperties) = preSolution
		StartupItem = Assembly-CSharp.csproj
	EndGlobalSection
EndGlobal
